// !$*UTF8*$!
{
	archiveVersion = 1;
	classes = {
	};
	objectVersion = 46;
	objects = {

/* Begin PBXBuildFile section */
		FE12E5291EB7D6040096C9D0 /* AppDelegate.swift in Sources */ = {isa = PBXBuildFile; fileRef = FE12E5281EB7D6040096C9D0 /* AppDelegate.swift */; };
		FE12E52B1EB7D6040096C9D0 /* ViewController.swift in Sources */ = {isa = PBXBuildFile; fileRef = FE12E52A1EB7D6040096C9D0 /* ViewController.swift */; };
		FE12E52E1EB7D6040096C9D0 /* Main.storyboard in Resources */ = {isa = PBXBuildFile; fileRef = FE12E52C1EB7D6040096C9D0 /* Main.storyboard */; };
		FE12E5311EB7D6040096C9D0 /* Sound_Board.xcdatamodeld in Sources */ = {isa = PBXBuildFile; fileRef = FE12E52F1EB7D6040096C9D0 /* Sound_Board.xcdatamodeld */; };
		FE12E5331EB7D6040096C9D0 /* Assets.xcassets in Resources */ = {isa = PBXBuildFile; fileRef = FE12E5321EB7D6040096C9D0 /* Assets.xcassets */; };
		FE12E5361EB7D6040096C9D0 /* LaunchScreen.storyboard in Resources */ = {isa = PBXBuildFile; fileRef = FE12E5341EB7D6040096C9D0 /* LaunchScreen.storyboard */; };
		FE1B74651EB9413B002359E7 /* SoundViewController.swift in Sources */ = {isa = PBXBuildFile; fileRef = FE1B74641EB9413B002359E7 /* SoundViewController.swift */; };
/* End PBXBuildFile section */

/* Begin PBXFileReference section */
		FE12E5251EB7D6040096C9D0 /* Sound Board.app */ = {isa = PBXFileReference; explicitFileType = wrapper.application; includeInIndex = 0; path = "Sound Board.app"; sourceTree = BUILT_PRODUCTS_DIR; };
		FE12E5281EB7D6040096C9D0 /* AppDelegate.swift */ = {isa = PBXFileReference; lastKnownFileType = sourcecode.swift; path = AppDelegate.swift; sourceTree = "<group>"; };
		FE12E52A1EB7D6040096C9D0 /* ViewController.swift */ = {isa = PBXFileReference; lastKnownFileType = sourcecode.swift; path = ViewController.swift; sourceTree = "<group>"; };
		FE12E52D1EB7D6040096C9D0 /* Base */ = {isa = PBXFileReference; lastKnownFileType = file.storyboard; name = Base; path = Base.lproj/Main.storyboard; sourceTree = "<group>"; };
		FE12E5301EB7D6040096C9D0 /* Sound_Board.xcdatamodel */ = {isa = PBXFileReference; lastKnownFileType = wrapper.xcdatamodel; path = Sound_Board.xcdatamodel; sourceTree = "<group>"; };
		FE12E5321EB7D6040096C9D0 /* Assets.xcassets */ = {isa = PBXFileReference; lastKnownFileType = folder.assetcatalog; path = Assets.xcassets; sourceTree = "<group>"; };
		FE12E5351EB7D6040096C9D0 /* Base */ = {isa = PBXFileReference; lastKnownFileType = file.storyboard; name = Base; path = Base.lproj/LaunchScreen.storyboard; sourceTree = "<group>"; };
		FE12E5371EB7D6040096C9D0 /* Info.plist */ = {isa = PBXFileReference; lastKnownFileType = text.plist.xml; path = Info.plist; sourceTree = "<group>"; };
		FE1B74641EB9413B002359E7 /* SoundViewController.swift */ = {isa = PBXFileReference; fileEncoding = 4; lastKnownFileType = sourcecode.swift; path = SoundViewController.swift; sourceTree = "<group>"; };
/* End PBXFileReference section */

/* Begin PBXFrameworksBuildPhase section */
		FE12E5221EB7D6040096C9D0 /* Frameworks */ = {
			isa = PBXFrameworksBuildPhase;
			buildActionMask = 2147483647;
			files = (
			);
			runOnlyForDeploymentPostprocessing = 0;
		};
/* End PBXFrameworksBuildPhase section */

/* Begin PBXGroup section */
		FE12E51C1EB7D6040096C9D0 = {
			isa = PBXGroup;
			children = (
				FE12E5271EB7D6040096C9D0 /* Sound Board */,
				FE12E5261EB7D6040096C9D0 /* Products */,
			);
			sourceTree = "<group>";
		};
		FE12E5261EB7D6040096C9D0 /* Products */ = {
			isa = PBXGroup;
			children = (
				FE12E5251EB7D6040096C9D0 /* Sound Board.app */,
			);
			name = Products;
			sourceTree = "<group>";
		};
		FE12E5271EB7D6040096C9D0 /* Sound Board */ = {
			isa = PBXGroup;
			children = (
				FE12E5281EB7D6040096C9D0 /* AppDelegate.swift */,
				FE12E52A1EB7D6040096C9D0 /* ViewController.swift */,
				FE1B74641EB9413B002359E7 /* SoundViewController.swift */,
				FE12E52C1EB7D6040096C9D0 /* Main.storyboard */,
				FE12E5321EB7D6040096C9D0 /* Assets.xcassets */,
				FE12E5341EB7D6040096C9D0 /* LaunchScreen.storyboard */,
				FE12E5371EB7D6040096C9D0 /* Info.plist */,
				FE12E52F1EB7D6040096C9D0 /* Sound_Board.xcdatamodeld */,
			);
			path = "Sound Board";
			sourceTree = "<group>";
		};
/* End PBXGroup section */

/* Begin PBXNativeTarget section */
		FE12E5241EB7D6040096C9D0 /* Sound Board */ = {
			isa = PBXNativeTarget;
			buildConfigurationList = FE12E53A1EB7D6040096C9D0 /* Build configuration list for PBXNativeTarget "Sound Board" */;
			buildPhases = (
				FE12E5211EB7D6040096C9D0 /* Sources */,
				FE12E5221EB7D6040096C9D0 /* Frameworks */,
				FE12E5231EB7D6040096C9D0 /* Resources */,
			);
			buildRules = (
			);
			dependencies = (
			);
			name = "Sound Board";
			productName = "Sound Board";
			productReference = FE12E5251EB7D6040096C9D0 /* Sound Board.app */;
			productType = "com.apple.product-type.application";
		};
/* End PBXNativeTarget section */

/* Begin PBXProject section */
		FE12E51D1EB7D6040096C9D0 /* Project object */ = {
			isa = PBXProject;
			attributes = {
				LastSwiftUpdateCheck = 0830;
				LastUpgradeCheck = 0830;
				ORGANIZATIONNAME = "Andrzej Palec";
				TargetAttributes = {
					FE12E5241EB7D6040096C9D0 = {
						CreatedOnToolsVersion = 8.3.2;
						DevelopmentTeam = BXH7JC6RHN;
						ProvisioningStyle = Automatic;
					};
				};
			};
			buildConfigurationList = FE12E5201EB7D6040096C9D0 /* Build configuration list for PBXProject "Sound Board" */;
			compatibilityVersion = "Xcode 3.2";
			developmentRegion = English;
			hasScannedForEncodings = 0;
			knownRegions = (
				en,
				Base,
			);
			mainGroup = FE12E51C1EB7D6040096C9D0;
			productRefGroup = FE12E5261EB7D6040096C9D0 /* Products */;
			projectDirPath = "";
			projectRoot = "";
			targets = (
				FE12E5241EB7D6040096C9D0 /* Sound Board */,
			);
		};
/* End PBXProject section */

/* Begin PBXResourcesBuildPhase section */
		FE12E5231EB7D6040096C9D0 /* Resources */ = {
			isa = PBXResourcesBuildPhase;
			buildActionMask = 2147483647;
			files = (
				FE12E5361EB7D6040096C9D0 /* LaunchScreen.storyboard in Resources */,
				FE12E5331EB7D6040096C9D0 /* Assets.xcassets in Resources */,
				FE12E52E1EB7D6040096C9D0 /* Main.storyboard in Resources */,
			);
			runOnlyForDeploymentPostprocessing = 0;
		};
/* End PBXResourcesBuildPhase section */

/* Begin PBXSourcesBuildPhase section */
		FE12E5211EB7D6040096C9D0 /* Sources */ = {
			isa = PBXSourcesBuildPhase;
			buildActionMask = 2147483647;
			files = (
				FE1B74651EB9413B002359E7 /* SoundViewController.swift in Sources */,
				FE12E5311EB7D6040096C9D0 /* Sound_Board.xcdatamodeld in Sources */,
				FE12E52B1EB7D6040096C9D0 /* ViewController.swift in Sources */,
				FE12E5291EB7D6040096C9D0 /* AppDelegate.swift in Sources */,
			);
			runOnlyForDeploymentPostprocessing = 0;
		};
/* End PBXSourcesBuildPhase section */

/* Begin PBXVariantGroup section */
		FE12E52C1EB7D6040096C9D0 /* Main.storyboard */ = {
			isa = PBXVariantGroup;
			children = (
				FE12E52D1EB7D6040096C9D0 /* Base */,
			);
			name = Main.storyboard;
			sourceTree = "<group>";
		};
		FE12E5341EB7D6040096C9D0 /* LaunchScreen.storyboard */ = {
			isa = PBXVariantGroup;
			children = (
				FE12E5351EB7D6040096C9D0 /* Base */,
			);
			name = LaunchScreen.storyboard;
			sourceTree = "<group>";
		};
/* End PBXVariantGroup section */

/* Begin XCBuildConfiguration section */
		FE12E5381EB7D6040096C9D0 /* Debug */ = {
			isa = XCBuildConfiguration;
			buildSettings = {
				ALWAYS_SEARCH_USER_PATHS = NO;
				CLANG_ANALYZER_NONNULL = YES;
				CLANG_ANALYZER_NUMBER_OBJECT_CONVERSION = YES_AGGRESSIVE;
				CLANG_CXX_LANGUAGE_STANDARD = "gnu++0x";
				CLANG_CXX_LIBRARY = "libc++";
				CLANG_ENABLE_MODULES = YES;
				CLANG_ENABLE_OBJC_ARC = YES;
				CLANG_WARN_BOOL_CONVERSION = YES;
				CLANG_WARN_CONSTANT_CONVERSION = YES;
				CLANG_WARN_DIRECT_OBJC_ISA_USAGE = YES_ERROR;
				CLANG_WARN_DOCUMENTATION_COMMENTS = YES;
				CLANG_WARN_EMPTY_BODY = YES;
				CLANG_WARN_ENUM_CONVERSION = YES;
				CLANG_WARN_INFINITE_RECURSION = YES;
				CLANG_WARN_INT_CONVERSION = YES;
				CLANG_WARN_OBJC_ROOT_CLASS = YES_ERROR;
				CLANG_WARN_SUSPICIOUS_MOVE = YES;
				CLANG_WARN_UNREACHABLE_CODE = YES;
				CLANG_WARN__DUPLICATE_METHOD_MATCH = YES;
				"CODE_SIGN_IDENTITY[sdk=iphoneos*]" = "iPhone Developer";
				COPY_PHASE_STRIP = NO;
				DEBUG_INFORMATION_FORMAT = dwarf;
				ENABLE_STRICT_OBJC_MSGSEND = YES;
				ENABLE_TESTABILITY = YES;
				GCC_C_LANGUAGE_STANDARD = gnu99;
				GCC_DYNAMIC_NO_PIC = NO;
				GCC_NO_COMMON_BLOCKS = YES;
				GCC_OPTIMIZATION_LEVEL = 0;
				GCC_PREPROCESSOR_DEFINITIONS = (
					"DEBUG=1",
					"$(inherited)",
				);
				GCC_WARN_64_TO_32_BIT_CONVERSION = YES;
				GCC_WARN_ABOUT_RETURN_TYPE = YES_ERROR;
				GCC_WARN_UNDECLARED_SELECTOR = YES;
				GCC_WARN_UNINITIALIZED_AUTOS = YES_AGGRESSIVE;
				GCC_WARN_UNUSED_FUNCTION = YES;
				GCC_WARN_UNUSED_VARIABLE = YES;
				IPHONEOS_DEPLOYMENT_TARGET = 10.3;
				MTL_ENABLE_DEBUG_INFO = YES;
				ONLY_ACTIVE_ARCH = YES;
				SDKROOT = iphoneos;
				SWIFT_ACTIVE_COMPILATION_CONDITIONS = DEBUG;
				SWIFT_OPTIMIZATION_LEVEL = "-Onone";
				TARGETED_DEVICE_FAMILY = "1,2";
			};
			name = Debug;
		};
		FE12E5391EB7D6040096C9D0 /* Release */ = {
			isa = XCBuildConfiguration;
			buildSettings = {
				ALWAYS_SEARCH_USER_PATHS = NO;
				CLANG_ANALYZER_NONNULL = YES;
				CLANG_ANALYZER_NUMBER_OBJECT_CONVERSION = YES_AGGRESSIVE;
				CLANG_CXX_LANGUAGE_STANDARD = "gnu++0x";
				CLANG_CXX_LIBRARY = "libc++";
				CLANG_ENABLE_MODULES = YES;
				CLANG_ENABLE_OBJC_ARC = YES;
				CLANG_WARN_BOOL_CONVERSION = YES;
				CLANG_WARN_CONSTANT_CONVERSION = YES;
				CLANG_WARN_DIRECT_OBJC_ISA_USAGE = YES_ERROR;
				CLANG_WARN_DOCUMENTATION_COMMENTS = YES;
				CLANG_WARN_EMPTY_BODY = YES;
				CLANG_WARN_ENUM_CONVERSION = YES;
				CLANG_WARN_INFINITE_RECURSION = YES;
				CLANG_WARN_INT_CONVERSION = YES;
				CLANG_WARN_OBJC_ROOT_CLASS = YES_ERROR;
				CLANG_WARN_SUSPICIOUS_MOVE = YES;
				CLANG_WARN_UNREACHABLE_CODE = YES;
				CLANG_WARN__DUPLICATE_METHOD_MATCH = YES;
				"CODE_SIGN_IDENTITY[sdk=iphoneos*]" = "iPhone Developer";
				COPY_PHASE_STRIP = NO;
				DEBUG_INFORMATION_FORMAT = "dwarf-with-dsym";
				ENABLE_NS_ASSERTIONS = NO;
				ENABLE_STRICT_OBJC_MSGSEND = YES;
				GCC_C_LANGUAGE_STANDARD = gnu99;
				GCC_NO_COMMON_BLOCKS = YES;
				GCC_WARN_64_TO_32_BIT_CONVERSION = YES;
				GCC_WARN_ABOUT_RETURN_TYPE = YES_ERROR;
				GCC_WARN_UNDECLARED_SELECTOR = YES;
				GCC_WARN_UNINITIALIZED_AUTOS = YES_AGGRESSIVE;
				GCC_WARN_UNUSED_FUNCTION = YES;
				GCC_WARN_UNUSED_VARIABLE = YES;
				IPHONEOS_DEPLOYMENT_TARGET = 10.3;
				MTL_ENABLE_DEBUG_INFO = NO;
				SDKROOT = iphoneos;
				SWIFT_OPTIMIZATION_LEVEL = "-Owholemodule";
				TARGETED_DEVICE_FAMILY = "1,2";
				VALIDATE_PRODUCT = YES;
			};
			name = Release;
		};
		FE12E53B1EB7D6040096C9D0 /* Debug */ = {
			isa = XCBuildConfiguration;
			buildSettings = {
				ASSETCATALOG_COMPILER_APPICON_NAME = AppIcon;
				DEVELOPMENT_TEAM = BXH7JC6RHN;
				INFOPLIST_FILE = "Sound Board/Info.plist";
				LD_RUNPATH_SEARCH_PATHS = "$(inherited) @executable_path/Frameworks";
				PRODUCT_BUNDLE_IDENTIFIER = "eggs.Sound-Board";
				PRODUCT_NAME = "$(TARGET_NAME)";
				SWIFT_VERSION = 3.0;
			};
			name = Debug;
		};
		FE12E53C1EB7D6040096C9D0 /* Release */ = {
			isa = XCBuildConfiguration;
			buildSettings = {
				ASSETCATALOG_COMPILER_APPICON_NAME = AppIcon;
				DEVELOPMENT_TEAM = BXH7JC6RHN;
				INFOPLIST_FILE = "Sound Board/Info.plist";
				LD_RUNPATH_SEARCH_PATHS = "$(inherited) @executable_path/Frameworks";
				PRODUCT_BUNDLE_IDENTIFIER = "eggs.Sound-Board";
				PRODUCT_NAME = "$(TARGET_NAME)";
				SWIFT_VERSION = 3.0;
			};
			name = Release;
		};
/* End XCBuildConfiguration section */

/* Begin XCConfigurationList section */
		FE12E5201EB7D6040096C9D0 /* Build configuration list for PBXProject "Sound Board" */ = {
			isa = XCConfigurationList;
			buildConfigurations = (
				FE12E5381EB7D6040096C9D0 /* Debug */,
				FE12E5391EB7D6040096C9D0 /* Release */,
			);
			defaultConfigurationIsVisible = 0;
			defaultConfigurationName = Release;
		};
		FE12E53A1EB7D6040096C9D0 /* Build configuration list for PBXNativeTarget "Sound Board" */ = {
			isa = XCConfigurationList;
			buildConfigurations = (
				FE12E53B1EB7D6040096C9D0 /* Debug */,
				FE12E53C1EB7D6040096C9D0 /* Release */,
			);
			defaultConfigurationIsVisible = 0;
			defaultConfigurationName = Release;
		};
/* End XCConfigurationList section */

/* Begin XCVersionGroup section */
		FE12E52F1EB7D6040096C9D0 /* Sound_Board.xcdatamodeld */ = {
			isa = XCVersionGroup;
			children = (
				FE12E5301EB7D6040096C9D0 /* Sound_Board.xcdatamodel */,
			);
			currentVersion = FE12E5301EB7D6040096C9D0 /* Sound_Board.xcdatamodel */;
			path = Sound_Board.xcdatamodeld;
			sourceTree = "<group>";
			versionGroupType = wrapper.xcdatamodel;
		};
/* End XCVersionGroup section */
	};
	rootObject = FE12E51D1EB7D6040096C9D0 /* Project object */;
}
